<?xml version="1.0" encoding="utf-8"?>
<Project ToolsVersion="4.0" xmlns="http://schemas.microsoft.com/developer/msbuild/2003">
  <ItemGroup>
    <Filter Include="Source Files">
      <UniqueIdentifier>{07784e42-d584-4561-8d7b-fd9b30a3d4fb}</UniqueIdentifier>
      <Extensions>cpp;c;cxx;def;odl;idl;hpj;bat;asm</Extensions>
    </Filter>
    <Filter Include="Source Files\Win32">
      <UniqueIdentifier>{999499ee-1cf9-4fe8-99eb-750271d90b76}</UniqueIdentifier>
    </Filter>
    <Filter Include="Header Files">
      <UniqueIdentifier>{e9905ec9-5647-4ebc-a829-ebcfc46b680b}</UniqueIdentifier>
      <Extensions>h;hpp;hxx;hm;inl;inc</Extensions>
    </Filter>
    <Filter Include="Header Files\Win32">
      <UniqueIdentifier>{3ad39cf2-63de-43b2-aced-246c4eea62a7}</UniqueIdentifier>
    </Filter>
    <Filter Include="Header Files\Interface">
      <UniqueIdentifier>{f7b85822-7cbc-4fb2-a0e0-56bff52c7709}</UniqueIdentifier>
    </Filter>
    <Filter Include="Extras">
      <UniqueIdentifier>{924dbfd7-f146-42fb-a6f1-a1ce8d921d6a}</UniqueIdentifier>
    </Filter>
    <Filter Include="Extras\WiiMote">
      <UniqueIdentifier>{0b05ad59-7b66-465f-831f-9b44acf40dc2}</UniqueIdentifier>
    </Filter>
    <Filter Include="Extras\LIRC">
      <UniqueIdentifier>{7c7ceeb7-6d75-4200-8822-fc75d472f03f}</UniqueIdentifier>
    </Filter>
    <Filter Include="Extras\XInput">
      <UniqueIdentifier>{e5cd7ad1-932f-4396-99e9-2443aec4256f}</UniqueIdentifier>
    </Filter>
  </ItemGroup>
  <ItemGroup>
    <ClCompile Include="..\src\OISEffect.cpp">
      <Filter>Source Files</Filter>
    </ClCompile>
    <ClCompile Include="..\src\OISException.cpp">
      <Filter>Source Files</Filter>
    </ClCompile>
    <ClCompile Include="..\src\OISForceFeedback.cpp">
      <Filter>Source Files</Filter>
    </ClCompile>
    <ClCompile Include="..\src\OISInputManager.cpp">
      <Filter>Source Files</Filter>
    </ClCompile>
    <ClCompile Include="..\src\OISJoyStick.cpp">
      <Filter>Source Files</Filter>
    </ClCompile>
    <ClCompile Include="..\src\OISKeyboard.cpp">
      <Filter>Source Files</Filter>
    </ClCompile>
    <ClCompile Include="..\src\OISObject.cpp">
      <Filter>Source Files</Filter>
    </ClCompile>
    <ClCompile Include="..\src\win32\Win32ForceFeedback.cpp">
      <Filter>Source Files\Win32</Filter>
    </ClCompile>
    <ClCompile Include="..\src\win32\Win32InputManager.cpp">
      <Filter>Source Files\Win32</Filter>
    </ClCompile>
    <ClCompile Include="..\src\win32\Win32JoyStick.cpp">
      <Filter>Source Files\Win32</Filter>
    </ClCompile>
    <ClCompile Include="..\src\win32\Win32KeyBoard.cpp">
      <Filter>Source Files\Win32</Filter>
    </ClCompile>
    <ClCompile Include="..\src\win32\Win32Mouse.cpp">
      <Filter>Source Files\Win32</Filter>
    </ClCompile>
    <ClCompile Include="..\src\win32\extras\WiiMote\hiddevice.cpp">
      <Filter>Extras\WiiMote</Filter>
    </ClCompile>
    <ClCompile Include="..\src\win32\extras\WiiMote\OISWiiMote.cpp">
      <Filter>Extras\WiiMote</Filter>
    </ClCompile>
    <ClCompile Include="..\src\win32\extras\WiiMote\OISWiiMoteFactoryCreator.cpp">
      <Filter>Extras\WiiMote</Filter>
    </ClCompile>
    <ClCompile Include="..\src\win32\extras\WiiMote\OISWiiMoteForceFeedback.cpp">
      <Filter>Extras\WiiMote</Filter>
    </ClCompile>
    <ClCompile Include="..\src\win32\extras\WiiMote\OISWiiMoteRingBuffer.cpp">
      <Filter>Extras\WiiMote</Filter>
    </ClCompile>
    <ClCompile Include="..\src\win32\extras\WiiMote\wiimote.cpp">
      <Filter>Extras\WiiMote</Filter>
    </ClCompile>
    <ClCompile Include="..\src\extras\LIRC\OISLIRC.cpp">
      <Filter>Extras\LIRC</Filter>
    </ClCompile>
    <ClCompile Include="..\src\extras\LIRC\OISLIRCFactoryCreator.cpp">
      <Filter>Extras\LIRC</Filter>
    </ClCompile>
  </ItemGroup>
  <ItemGroup>
    <ClInclude Include="..\includes\OIS.h">
      <Filter>Header Files</Filter>
    </ClInclude>
    <ClInclude Include="..\includes\OISConfig.h">
      <Filter>Header Files</Filter>
    </ClInclude>
    <ClInclude Include="..\includes\OISEvents.h">
      <Filter>Header Files</Filter>
    </ClInclude>
    <ClInclude Include="..\includes\OISException.h">
      <Filter>Header Files</Filter>
    </ClInclude>
    <ClInclude Include="..\includes\OISFactoryCreator.h">
      <Filter>Header Files</Filter>
    </ClInclude>
    <ClInclude Include="..\includes\OISInputManager.h">
      <Filter>Header Files</Filter>
    </ClInclude>
    <ClInclude Include="..\includes\OISJoystick.h">
      <Filter>Header Files</Filter>
    </ClInclude>
    <ClInclude Include="..\includes\OISKeyboard.h">
      <Filter>Header Files</Filter>
    </ClInclude>
    <ClInclude Include="..\includes\OISMouse.h">
      <Filter>Header Files</Filter>
    </ClInclude>
    <ClInclude Include="..\includes\OISObject.h">
      <Filter>Header Files</Filter>
    </ClInclude>
    <ClInclude Include="..\includes\OISPrereqs.h">
      <Filter>Header Files</Filter>
    </ClInclude>
    <ClInclude Include="..\includes\win32\Win32ForceFeedback.h">
      <Filter>Header Files\Win32</Filter>
    </ClInclude>
    <ClInclude Include="..\includes\win32\Win32InputManager.h">
      <Filter>Header Files\Win32</Filter>
    </ClInclude>
    <ClInclude Include="..\includes\win32\Win32JoyStick.h">
      <Filter>Header Files\Win32</Filter>
    </ClInclude>
    <ClInclude Include="..\includes\win32\Win32KeyBoard.h">
      <Filter>Header Files\Win32</Filter>
    </ClInclude>
    <ClInclude Include="..\includes\win32\Win32Mouse.h">
      <Filter>Header Files\Win32</Filter>
    </ClInclude>
    <ClInclude Include="..\includes\win32\Win32Prereqs.h">
      <Filter>Header Files\Win32</Filter>
    </ClInclude>
    <ClInclude Include="..\includes\OISEffect.h">
      <Filter>Header Files\Interface</Filter>
    </ClInclude>
    <ClInclude Include="..\includes\OISForceFeedback.h">
      <Filter>Header Files\Interface</Filter>
    </ClInclude>
    <ClInclude Include="..\includes\OISInterface.h">
      <Filter>Header Files\Interface</Filter>
    </ClInclude>
    <ClInclude Include="..\src\win32\extras\WiiMote\hiddevice.h">
      <Filter>Extras\WiiMote</Filter>
    </ClInclude>
    <ClInclude Include="..\src\win32\extras\WiiMote\OISWiiMote.h">
      <Filter>Extras\WiiMote</Filter>
    </ClInclude>
    <ClInclude Include="..\src\win32\extras\WiiMote\OISWiiMoteFactoryCreator.h">
      <Filter>Extras\WiiMote</Filter>
    </ClInclude>
    <ClInclude Include="..\src\win32\extras\WiiMote\OISWiiMoteForceFeedback.h">
      <Filter>Extras\WiiMote</Filter>
    </ClInclude>
    <ClInclude Include="..\src\win32\extras\WiiMote\OISWiiMoteRingBuffer.h">
      <Filter>Extras\WiiMote</Filter>
    </ClInclude>
    <ClInclude Include="..\src\win32\extras\WiiMote\wiimote.h">
      <Filter>Extras\WiiMote</Filter>
    </ClInclude>
    <ClInclude Include="..\src\extras\LIRC\OISLIRC.h">
      <Filter>Extras\LIRC</Filter>
    </ClInclude>
    <ClInclude Include="..\src\extras\LIRC\OISLIRCFactoryCreator.h">
      <Filter>Extras\LIRC</Filter>
    </ClInclude>
    <ClInclude Include="..\src\extras\LIRC\OISLIRCRingBuffer.h">
      <Filter>Extras\LIRC</Filter>
    </ClInclude>
    <ClInclude Include="resource.h">
      <Filter>Header Files</Filter>
    </ClInclude>
  </ItemGroup>
  <ItemGroup>
    <ResourceCompile Include="OIS.rc" />
  </ItemGroup>
</Project>