<?xml version="1.0" encoding="utf-8"?>
<Project ToolsVersion="4.0" xmlns="http://schemas.microsoft.com/developer/msbuild/2003">
  <ItemGroup>
    <Filter Include="源文件">
      <UniqueIdentifier>{4FC737F1-C7A5-4376-A066-2A32D752A2FF}</UniqueIdentifier>
      <Extensions>cpp;c;cc;cxx;def;odl;idl;hpj;bat;asm;asmx</Extensions>
    </Filter>
    <Filter Include="头文件">
      <UniqueIdentifier>{93995380-89BD-4b04-88EB-625FBE52EBFB}</UniqueIdentifier>
      <Extensions>h;hpp;hxx;hm;inl;inc;xsd</Extensions>
    </Filter>
    <Filter Include="资源文件">
      <UniqueIdentifier>{67DA6AB6-F800-4c08-8B7A-83BB121AAD01}</UniqueIdentifier>
      <Extensions>rc;ico;cur;bmp;dlg;rc2;rct;bin;rgs;gif;jpg;jpeg;jpe;resx;tiff;tif;png;wav;mfcribbon-ms</Extensions>
    </Filter>
    <Filter Include="GLTools">
      <UniqueIdentifier>{94937f22-9a79-4ca1-8e14-85a3b84cd32c}</UniqueIdentifier>
    </Filter>
    <Filter Include="OpenGLRenderer">
      <UniqueIdentifier>{26b8bcaf-b5f7-4a93-9200-de63011a021b}</UniqueIdentifier>
    </Filter>
    <Filter Include="D3D11Renderer">
      <UniqueIdentifier>{32f45df1-416a-49ed-b70d-ac5f1e5233fb}</UniqueIdentifier>
    </Filter>
  </ItemGroup>
  <ItemGroup>
    <ClInclude Include="Application.h">
      <Filter>头文件</Filter>
    </ClInclude>
    <ClInclude Include="Window.h">
      <Filter>头文件</Filter>
    </ClInclude>
    <ClInclude Include="Engine.h">
      <Filter>头文件</Filter>
    </ClInclude>
    <ClInclude Include="Mesh.h">
      <Filter>头文件</Filter>
    </ClInclude>
    <ClInclude Include="ResourceManager.h">
      <Filter>头文件</Filter>
    </ClInclude>
    <ClInclude Include="Singleton.h">
      <Filter>头文件</Filter>
    </ClInclude>
    <ClInclude Include="Scene.h">
      <Filter>头文件</Filter>
    </ClInclude>
    <ClInclude Include="Primitive.h">
      <Filter>头文件</Filter>
    </ClInclude>
    <ClInclude Include="Log.h">
      <Filter>头文件</Filter>
    </ClInclude>
    <ClInclude Include="Renderable.h">
      <Filter>头文件</Filter>
    </ClInclude>
    <ClInclude Include="Camera.h">
      <Filter>头文件</Filter>
    </ClInclude>
    <ClInclude Include="Timer.h">
      <Filter>头文件</Filter>
    </ClInclude>
    <ClInclude Include="InputEngine.h">
      <Filter>头文件</Filter>
    </ClInclude>
    <ClInclude Include="3DSMeshImporter.h">
      <Filter>头文件</Filter>
    </ClInclude>
    <ClInclude Include="AGEMeshImporter.h">
      <Filter>头文件</Filter>
    </ClInclude>
    <ClInclude Include="Skeleton.h">
      <Filter>头文件</Filter>
    </ClInclude>
    <ClInclude Include="AGESkeletonAnimationImporter.h">
      <Filter>头文件</Filter>
    </ClInclude>
    <ClInclude Include="PhysicsEngine.h">
      <Filter>头文件</Filter>
    </ClInclude>
    <ClInclude Include="RenderQueue.h">
      <Filter>头文件</Filter>
    </ClInclude>
    <ClInclude Include="RenderEngine.h">
      <Filter>头文件</Filter>
    </ClInclude>
    <ClInclude Include="D3D11Renderer\D3D11Renderer.h">
      <Filter>D3D11Renderer</Filter>
    </ClInclude>
    <ClInclude Include="OpenGLRenderer\OpenGLRenderer.h">
      <Filter>OpenGLRenderer</Filter>
    </ClInclude>
    <ClInclude Include="OpenGLRenderer\OpenGLRenderObject.h">
      <Filter>OpenGLRenderer</Filter>
    </ClInclude>
    <ClInclude Include="OpenGLRenderer\GLSLShader.h">
      <Filter>OpenGLRenderer</Filter>
    </ClInclude>
    <ClInclude Include="Shader.h">
      <Filter>头文件</Filter>
    </ClInclude>
    <ClInclude Include="D3D11Renderer\D3D11RenderObject.h">
      <Filter>D3D11Renderer</Filter>
    </ClInclude>
    <ClInclude Include="D3D11Renderer\HLSLShader.h">
      <Filter>D3D11Renderer</Filter>
    </ClInclude>
    <ClInclude Include="OpenGLRenderer\OpenGLTexture.h">
      <Filter>OpenGLRenderer</Filter>
    </ClInclude>
    <ClInclude Include="Texture.h">
      <Filter>头文件</Filter>
    </ClInclude>
    <ClInclude Include="D3D11Renderer\D3D11Texture.h">
      <Filter>D3D11Renderer</Filter>
    </ClInclude>
    <ClInclude Include="Light.h">
      <Filter>头文件</Filter>
    </ClInclude>
    <ClInclude Include="D3D11Renderer\D3D11RenderTarget.h">
      <Filter>D3D11Renderer</Filter>
    </ClInclude>
    <ClInclude Include="D3D11Renderer\D3D11Def.h">
      <Filter>D3D11Renderer</Filter>
    </ClInclude>
    <ClInclude Include="UIEngine.h">
      <Filter>头文件</Filter>
    </ClInclude>
    <ClInclude Include="Logic.h">
      <Filter>头文件</Filter>
    </ClInclude>
    <ClInclude Include="AudioEngine.h">
      <Filter>头文件</Filter>
    </ClInclude>
    <ClInclude Include="AGE.h">
      <Filter>头文件</Filter>
    </ClInclude>
    <ClInclude Include="LinearMath.h">
      <Filter>头文件</Filter>
    </ClInclude>
    <ClInclude Include="Def.h">
      <Filter>头文件</Filter>
    </ClInclude>
    <ClInclude Include="LevelManager.h">
      <Filter>头文件</Filter>
    </ClInclude>
    <ClInclude Include="SceneObject.h">
      <Filter>头文件</Filter>
    </ClInclude>
    <ClInclude Include="StaticSceneObject.h">
      <Filter>头文件</Filter>
    </ClInclude>
    <ClInclude Include="RtInformation.h">
      <Filter>头文件</Filter>
    </ClInclude>
    <ClInclude Include="Actor.h">
      <Filter>头文件</Filter>
    </ClInclude>
    <ClInclude Include="RenderableSceneObject.h">
      <Filter>头文件</Filter>
    </ClInclude>
    <ClInclude Include="DynamicSceneObject.h">
      <Filter>头文件</Filter>
    </ClInclude>
    <ClInclude Include="btKinematicCharacterController.h">
      <Filter>头文件</Filter>
    </ClInclude>
  </ItemGroup>
  <ItemGroup>
    <ClCompile Include="main.cpp">
      <Filter>源文件</Filter>
    </ClCompile>
    <ClCompile Include="Application.cpp">
      <Filter>源文件</Filter>
    </ClCompile>
    <ClCompile Include="Engine.cpp">
      <Filter>源文件</Filter>
    </ClCompile>
    <ClCompile Include="Mesh.cpp">
      <Filter>源文件</Filter>
    </ClCompile>
    <ClCompile Include="Scene.cpp">
      <Filter>源文件</Filter>
    </ClCompile>
    <ClCompile Include="ResourceManager.cpp">
      <Filter>源文件</Filter>
    </ClCompile>
    <ClCompile Include="Primitive.cpp">
      <Filter>源文件</Filter>
    </ClCompile>
    <ClCompile Include="Log.cpp">
      <Filter>源文件</Filter>
    </ClCompile>
    <ClCompile Include="Renderable.cpp">
      <Filter>源文件</Filter>
    </ClCompile>
    <ClCompile Include="Camera.cpp">
      <Filter>源文件</Filter>
    </ClCompile>
    <ClCompile Include="..\3rd\GLTools\src\GLBatch.cpp">
      <Filter>GLTools</Filter>
    </ClCompile>
    <ClCompile Include="..\3rd\GLTools\src\GLShaderManager.cpp">
      <Filter>GLTools</Filter>
    </ClCompile>
    <ClCompile Include="..\3rd\GLTools\src\GLTools.cpp">
      <Filter>GLTools</Filter>
    </ClCompile>
    <ClCompile Include="..\3rd\GLTools\src\GLTriangleBatch.cpp">
      <Filter>GLTools</Filter>
    </ClCompile>
    <ClCompile Include="..\3rd\GLTools\src\math3d.cpp">
      <Filter>GLTools</Filter>
    </ClCompile>
    <ClCompile Include="InputEngine.cpp">
      <Filter>源文件</Filter>
    </ClCompile>
    <ClCompile Include="..\3rd\GLTools\src\glew.c">
      <Filter>GLTools</Filter>
    </ClCompile>
    <ClCompile Include="3DSMeshImporter.cpp">
      <Filter>源文件</Filter>
    </ClCompile>
    <ClCompile Include="AGEMeshImporter.cpp">
      <Filter>源文件</Filter>
    </ClCompile>
    <ClCompile Include="Skeleton.cpp">
      <Filter>源文件</Filter>
    </ClCompile>
    <ClCompile Include="AGESkeletonAnimationImporter.cpp">
      <Filter>源文件</Filter>
    </ClCompile>
    <ClCompile Include="PhysicsEngine.cpp">
      <Filter>源文件</Filter>
    </ClCompile>
    <ClCompile Include="RenderQueue.cpp">
      <Filter>源文件</Filter>
    </ClCompile>
    <ClCompile Include="D3D11Renderer\D3D11Renderer.cpp">
      <Filter>D3D11Renderer</Filter>
    </ClCompile>
    <ClCompile Include="OpenGLRenderer\OpenGLRenderer.cpp">
      <Filter>OpenGLRenderer</Filter>
    </ClCompile>
    <ClCompile Include="RenderEngine.cpp">
      <Filter>源文件</Filter>
    </ClCompile>
    <ClCompile Include="OpenGLRenderer\GLSLShader.cpp">
      <Filter>OpenGLRenderer</Filter>
    </ClCompile>
    <ClCompile Include="Shader.cpp">
      <Filter>源文件</Filter>
    </ClCompile>
    <ClCompile Include="D3D11Renderer\HLSLShader.cpp">
      <Filter>D3D11Renderer</Filter>
    </ClCompile>
    <ClCompile Include="Texture.cpp">
      <Filter>源文件</Filter>
    </ClCompile>
    <ClCompile Include="OpenGLRenderer\OpenGLTexture.cpp">
      <Filter>OpenGLRenderer</Filter>
    </ClCompile>
    <ClCompile Include="D3D11Renderer\D3D11Texture.cpp">
      <Filter>D3D11Renderer</Filter>
    </ClCompile>
    <ClCompile Include="D3D11Renderer\D3D11RenderTarget.cpp">
      <Filter>D3D11Renderer</Filter>
    </ClCompile>
    <ClCompile Include="Logic.cpp">
      <Filter>源文件</Filter>
    </ClCompile>
    <ClCompile Include="AudioEngine.cpp">
      <Filter>源文件</Filter>
    </ClCompile>
    <ClCompile Include="LinearMath.cpp">
      <Filter>源文件</Filter>
    </ClCompile>
    <ClCompile Include="LevelManager.cpp">
      <Filter>源文件</Filter>
    </ClCompile>
    <ClCompile Include="SceneObject.cpp">
      <Filter>源文件</Filter>
    </ClCompile>
    <ClCompile Include="StaticSceneObject.cpp">
      <Filter>源文件</Filter>
    </ClCompile>
    <ClCompile Include="Actor.cpp">
      <Filter>源文件</Filter>
    </ClCompile>
    <ClCompile Include="btKinematicCharacterController.cpp">
      <Filter>源文件</Filter>
    </ClCompile>
  </ItemGroup>
  <ItemGroup>
    <None Include="ClassDiagram1.cd" />
  </ItemGroup>
</Project>